
Microsoft Visual Studio Solution File, Format Version 12.00
# Visual Studio 15
VisualStudioVersion = 15.0.28307.102
MinimumVisualStudioVersion = 10.0.40219.1
Project("{FAE04EC0-301F-11D3-BF4B-00C04F79EFBC}") = "demoKmeans", "demoKmeans\demoKmeans.csproj", "{A8553DF7-F7F8-4BEA-A285-B0BFDE6D0939}"
EndProject
Global
	GlobalSection(SolutionConfigurationPlatforms) = preSolution
		Debug|Any CPU = Debug|Any CPU
		Release|Any CPU = Release|Any CPU
	EndGlobalSection
	GlobalSection(ProjectConfigurationPlatforms) = postSolution
		{A8553DF7-F7F8-4BEA-A285-B0BFDE6D0939}.Debug|Any CPU.ActiveCfg = Debug|Any CPU
		{A8553DF7-F7F8-4BEA-A285-B0BFDE6D0939}.Debug|Any CPU.Build.0 = Debug|Any CPU
		{A8553DF7-F7F8-4BEA-A285-B0BFDE6D0939}.Release|Any CPU.ActiveCfg = Release|Any CPU
		{A8553DF7-F7F8-4BEA-A285-B0BFDE6D0939}.Release|Any CPU.Build.0 = Release|Any CPU
	EndGlobalSection
	GlobalSection(SolutionProperties) = preSolution
		HideSolutionNode = FALSE
	EndGlobalSection
	GlobalSection(ExtensibilityGlobals) = postSolution
		SolutionGuid = {E5928BC3-2798-4579-8C9A-B29C02745C60}
	EndGlobalSection
EndGlobal
